
Microsoft Visual Studio Solution File, Format Version 12.00
# Visual Studio Version 16
VisualStudioVersion = 16.0.32106.194
MinimumVisualStudioVersion = 10.0.40219.1
Project("{FAE04EC0-301F-11D3-BF4B-00C04F79EFBC}") = "mantis-tests", "mantis-tests.csproj", "{3795415B-D2DC-4A13-8384-5999AE880092}"
EndProject
Global
	GlobalSection(SolutionConfigurationPlatforms) = preSolution
		Debug|Any CPU = Debug|Any CPU
		Release|Any CPU = Release|Any CPU
	EndGlobalSection
	GlobalSection(ProjectConfigurationPlatforms) = postSolution
		{3795415B-D2DC-4A13-8384-5999AE880092}.Debug|Any CPU.ActiveCfg = Debug|Any CPU
		{3795415B-D2DC-4A13-8384-5999AE880092}.Debug|Any CPU.Build.0 = Debug|Any CPU
		{3795415B-D2DC-4A13-8384-5999AE880092}.Release|Any CPU.ActiveCfg = Release|Any CPU
		{3795415B-D2DC-4A13-8384-5999AE880092}.Release|Any CPU.Build.0 = Release|Any CPU
	EndGlobalSection
	GlobalSection(SolutionProperties) = preSolution
		HideSolutionNode = FALSE
	EndGlobalSection
	GlobalSection(ExtensibilityGlobals) = postSolution
		SolutionGuid = {2B9A30F4-B00B-4429-AC85-42C866B0C8E0}
	EndGlobalSection
EndGlobal
